{
  "name": "multidb-typescript-sdk-example",
  "lockfileVersion": 3,
  "requires": true,
  "packages": {
    "": {
      "name": "multidb-typescript-sdk-example",
      "dependencies": {
        "@multidb/client": "file:../../../sdk/typescript"
      }
    },
    "../../../sdk/typescript": {
      "name": "@multidb/client",
      "version": "1.0.0",
      "license": "MIT OR Apache-2.0",
      "devDependencies": {
        "typescript": "6.0.3"
      },
      "engines": {
        "node": ">=20"
      }
    },
    "node_modules/@multidb/client": {
      "resolved": "../../../sdk/typescript",
      "link": true
    }
  }
}
